
Microsoft Visual Studio Solution File, Format Version 12.00
# Visual Studio 2013
VisualStudioVersion = 12.0.21005.1
MinimumVisualStudioVersion = 10.0.40219.1
Project("{FAE04EC0-301F-11D3-BF4B-00C04F79EFBC}") = "model", "model\model.csproj", "{EF9D58AE-65FC-404B-AC26-53B825689356}"
EndProject
Global
	GlobalSection(SolutionConfigurationPlatforms) = preSolution
		Debug|Any CPU = Debug|Any CPU
		Release|Any CPU = Release|Any CPU
	EndGlobalSection
	GlobalSection(ProjectConfigurationPlatforms) = postSolution
		{EF9D58AE-65FC-404B-AC26-53B825689356}.Debug|Any CPU.ActiveCfg = Debug|Any CPU
		{EF9D58AE-65FC-404B-AC26-53B825689356}.Debug|Any CPU.Build.0 = Debug|Any CPU
		{EF9D58AE-65FC-404B-AC26-53B825689356}.Release|Any CPU.ActiveCfg = Release|Any CPU
		{EF9D58AE-65FC-404B-AC26-53B825689356}.Release|Any CPU.Build.0 = Release|Any CPU
	EndGlobalSection
	GlobalSection(SolutionProperties) = preSolution
		HideSolutionNode = FALSE
	EndGlobalSection
EndGlobal
